// !$*UTF8*$!
{
	archiveVersion = 1;
	classes = {
	};
	objectVersion = 55;
	objects = {

/* Begin PBXBuildFile section */
		14B1550B28A2E6FF00C62C05 /* AppDelegate.swift in Sources */ = {isa = PBXBuildFile; fileRef = 14B1550A28A2E6FF00C62C05 /* AppDelegate.swift */; };
		14B1550D28A2E6FF00C62C05 /* SceneDelegate.swift in Sources */ = {isa = PBXBuildFile; fileRef = 14B1550C28A2E6FF00C62C05 /* SceneDelegate.swift */; };
		14B1551428A2E70000C62C05 /* Assets.xcassets in Resources */ = {isa = PBXBuildFile; fileRef = 14B1551328A2E70000C62C05 /* Assets.xcassets */; };
		14B1551728A2E70000C62C05 /* LaunchScreen.storyboard in Resources */ = {isa = PBXBuildFile; fileRef = 14B1551528A2E70000C62C05 /* LaunchScreen.storyboard */; };
		14B1552528A3075B00C62C05 /* ModelRickAndMortн.swift in Sources */ = {isa = PBXBuildFile; fileRef = 14B1552428A3075B00C62C05 /* ModelRickAndMortн.swift */; };
		14CBD85428A3E475002ABDBD /* RickAndMortyVC.swift in Sources */ = {isa = PBXBuildFile; fileRef = 14CBD85228A3E475002ABDBD /* RickAndMortyVC.swift */; };
		14CBD85528A3E475002ABDBD /* RickAndMortyVC.xib in Resources */ = {isa = PBXBuildFile; fileRef = 14CBD85328A3E475002ABDBD /* RickAndMortyVC.xib */; };
		14CBD85928A3E508002ABDBD /* InfoPersonsVC.swift in Sources */ = {isa = PBXBuildFile; fileRef = 14CBD85728A3E508002ABDBD /* InfoPersonsVC.swift */; };
		14CBD85A28A3E508002ABDBD /* InfoPersonsVC.xib in Resources */ = {isa = PBXBuildFile; fileRef = 14CBD85828A3E508002ABDBD /* InfoPersonsVC.xib */; };
		14CBD85C28A3E51C002ABDBD /* InfoPersonsPresenter.swift in Sources */ = {isa = PBXBuildFile; fileRef = 14CBD85B28A3E51C002ABDBD /* InfoPersonsPresenter.swift */; };
		14CBD85E28A3E52C002ABDBD /* RickAndMortyPresenter.swift in Sources */ = {isa = PBXBuildFile; fileRef = 14CBD85D28A3E52C002ABDBD /* RickAndMortyPresenter.swift */; };
		14CBD86228A43E8D002ABDBD /* ExtraInfoVC.swift in Sources */ = {isa = PBXBuildFile; fileRef = 14CBD86028A43E8D002ABDBD /* ExtraInfoVC.swift */; };
		14CBD86328A43E8D002ABDBD /* ExtraInfoVC.xib in Resources */ = {isa = PBXBuildFile; fileRef = 14CBD86128A43E8D002ABDBD /* ExtraInfoVC.xib */; };
		14CBD86528A43E9E002ABDBD /* ExtraInfoPresenter.swift in Sources */ = {isa = PBXBuildFile; fileRef = 14CBD86428A43E9E002ABDBD /* ExtraInfoPresenter.swift */; };
		14CBD86928A5523C002ABDBD /* InfoPresonsCell.swift in Sources */ = {isa = PBXBuildFile; fileRef = 14CBD86728A5523C002ABDBD /* InfoPresonsCell.swift */; };
		14CBD86A28A5523C002ABDBD /* InfoPresonsCell.xib in Resources */ = {isa = PBXBuildFile; fileRef = 14CBD86828A5523C002ABDBD /* InfoPresonsCell.xib */; };
/* End PBXBuildFile section */

/* Begin PBXFileReference section */
		14B1550728A2E6FF00C62C05 /* Lesson_10_JSON.app */ = {isa = PBXFileReference; explicitFileType = wrapper.application; includeInIndex = 0; path = Lesson_10_JSON.app; sourceTree = BUILT_PRODUCTS_DIR; };
		14B1550A28A2E6FF00C62C05 /* AppDelegate.swift */ = {isa = PBXFileReference; lastKnownFileType = sourcecode.swift; path = AppDelegate.swift; sourceTree = "<group>"; };
		14B1550C28A2E6FF00C62C05 /* SceneDelegate.swift */ = {isa = PBXFileReference; lastKnownFileType = sourcecode.swift; path = SceneDelegate.swift; sourceTree = "<group>"; };
		14B1551328A2E70000C62C05 /* Assets.xcassets */ = {isa = PBXFileReference; lastKnownFileType = folder.assetcatalog; path = Assets.xcassets; sourceTree = "<group>"; };
		14B1551628A2E70000C62C05 /* Base */ = {isa = PBXFileReference; lastKnownFileType = file.storyboard; name = Base; path = Base.lproj/LaunchScreen.storyboard; sourceTree = "<group>"; };
		14B1551828A2E70000C62C05 /* Info.plist */ = {isa = PBXFileReference; lastKnownFileType = text.plist.xml; path = Info.plist; sourceTree = "<group>"; };
		14B1552428A3075B00C62C05 /* ModelRickAndMortн.swift */ = {isa = PBXFileReference; lastKnownFileType = sourcecode.swift; path = "ModelRickAndMortн.swift"; sourceTree = "<group>"; };
		14CBD85228A3E475002ABDBD /* RickAndMortyVC.swift */ = {isa = PBXFileReference; lastKnownFileType = sourcecode.swift; path = RickAndMortyVC.swift; sourceTree = "<group>"; };
		14CBD85328A3E475002ABDBD /* RickAndMortyVC.xib */ = {isa = PBXFileReference; lastKnownFileType = file.xib; path = RickAndMortyVC.xib; sourceTree = "<group>"; };
		14CBD85728A3E508002ABDBD /* InfoPersonsVC.swift */ = {isa = PBXFileReference; lastKnownFileType = sourcecode.swift; path = InfoPersonsVC.swift; sourceTree = "<group>"; };
		14CBD85828A3E508002ABDBD /* InfoPersonsVC.xib */ = {isa = PBXFileReference; lastKnownFileType = file.xib; path = InfoPersonsVC.xib; sourceTree = "<group>"; };
		14CBD85B28A3E51C002ABDBD /* InfoPersonsPresenter.swift */ = {isa = PBXFileReference; lastKnownFileType = sourcecode.swift; path = InfoPersonsPresenter.swift; sourceTree = "<group>"; };
		14CBD85D28A3E52C002ABDBD /* RickAndMortyPresenter.swift */ = {isa = PBXFileReference; lastKnownFileType = sourcecode.swift; path = RickAndMortyPresenter.swift; sourceTree = "<group>"; };
		14CBD86028A43E8D002ABDBD /* ExtraInfoVC.swift */ = {isa = PBXFileReference; lastKnownFileType = sourcecode.swift; path = ExtraInfoVC.swift; sourceTree = "<group>"; };
		14CBD86128A43E8D002ABDBD /* ExtraInfoVC.xib */ = {isa = PBXFileReference; lastKnownFileType = file.xib; path = ExtraInfoVC.xib; sourceTree = "<group>"; };
		14CBD86428A43E9E002ABDBD /* ExtraInfoPresenter.swift */ = {isa = PBXFileReference; lastKnownFileType = sourcecode.swift; path = ExtraInfoPresenter.swift; sourceTree = "<group>"; };
		14CBD86728A5523C002ABDBD /* InfoPresonsCell.swift */ = {isa = PBXFileReference; lastKnownFileType = sourcecode.swift; path = InfoPresonsCell.swift; sourceTree = "<group>"; };
		14CBD86828A5523C002ABDBD /* InfoPresonsCell.xib */ = {isa = PBXFileReference; lastKnownFileType = file.xib; path = InfoPresonsCell.xib; sourceTree = "<group>"; };
/* End PBXFileReference section */

/* Begin PBXFrameworksBuildPhase section */
		14B1550428A2E6FF00C62C05 /* Frameworks */ = {
			isa = PBXFrameworksBuildPhase;
			buildActionMask = 2147483647;
			files = (
			);
			runOnlyForDeploymentPostprocessing = 0;
		};
/* End PBXFrameworksBuildPhase section */

/* Begin PBXGroup section */
		14B154FE28A2E6FF00C62C05 = {
			isa = PBXGroup;
			children = (
				14B1550928A2E6FF00C62C05 /* Lesson_10_JSON */,
				14B1550828A2E6FF00C62C05 /* Products */,
			);
			sourceTree = "<group>";
		};
		14B1550828A2E6FF00C62C05 /* Products */ = {
			isa = PBXGroup;
			children = (
				14B1550728A2E6FF00C62C05 /* Lesson_10_JSON.app */,
			);
			name = Products;
			sourceTree = "<group>";
		};
		14B1550928A2E6FF00C62C05 /* Lesson_10_JSON */ = {
			isa = PBXGroup;
			children = (
				14B1552228A306B900C62C05 /* Screens */,
				14B1552128A306A500C62C05 /* Model */,
				14B1552028A2F19900C62C05 /* Storyboard */,
				14B1551F28A2F18900C62C05 /* Source */,
				14B1551E28A2F14B00C62C05 /* SupportFiles */,
			);
			path = Lesson_10_JSON;
			sourceTree = "<group>";
		};
		14B1551E28A2F14B00C62C05 /* SupportFiles */ = {
			isa = PBXGroup;
			children = (
				14B1550A28A2E6FF00C62C05 /* AppDelegate.swift */,
				14B1550C28A2E6FF00C62C05 /* SceneDelegate.swift */,
				14B1551828A2E70000C62C05 /* Info.plist */,
			);
			path = SupportFiles;
			sourceTree = "<group>";
		};
		14B1551F28A2F18900C62C05 /* Source */ = {
			isa = PBXGroup;
			children = (
				14B1551328A2E70000C62C05 /* Assets.xcassets */,
			);
			path = Source;
			sourceTree = "<group>";
		};
		14B1552028A2F19900C62C05 /* Storyboard */ = {
			isa = PBXGroup;
			children = (
				14B1551528A2E70000C62C05 /* LaunchScreen.storyboard */,
			);
			path = Storyboard;
			sourceTree = "<group>";
		};
		14B1552128A306A500C62C05 /* Model */ = {
			isa = PBXGroup;
			children = (
				14B1552428A3075B00C62C05 /* ModelRickAndMortн.swift */,
			);
			path = Model;
			sourceTree = "<group>";
		};
		14B1552228A306B900C62C05 /* Screens */ = {
			isa = PBXGroup;
			children = (
				14CBD85F28A43E66002ABDBD /* ExtraInfoVC */,
				14CBD85628A3E47D002ABDBD /* InfoPersonsVC */,
				14B1552628A3076E00C62C05 /* RickAndMortyVC */,
			);
			path = Screens;
			sourceTree = "<group>";
		};
		14B1552628A3076E00C62C05 /* RickAndMortyVC */ = {
			isa = PBXGroup;
			children = (
				14CBD85228A3E475002ABDBD /* RickAndMortyVC.swift */,
				14CBD85328A3E475002ABDBD /* RickAndMortyVC.xib */,
				14CBD85D28A3E52C002ABDBD /* RickAndMortyPresenter.swift */,
			);
			path = RickAndMortyVC;
			sourceTree = "<group>";
		};
		14CBD85628A3E47D002ABDBD /* InfoPersonsVC */ = {
			isa = PBXGroup;
			children = (
				14CBD86628A55206002ABDBD /* InfoCell */,
				14CBD85728A3E508002ABDBD /* InfoPersonsVC.swift */,
				14CBD85828A3E508002ABDBD /* InfoPersonsVC.xib */,
				14CBD85B28A3E51C002ABDBD /* InfoPersonsPresenter.swift */,
			);
			path = InfoPersonsVC;
			sourceTree = "<group>";
		};
		14CBD85F28A43E66002ABDBD /* ExtraInfoVC */ = {
			isa = PBXGroup;
			children = (
				14CBD86028A43E8D002ABDBD /* ExtraInfoVC.swift */,
				14CBD86128A43E8D002ABDBD /* ExtraInfoVC.xib */,
				14CBD86428A43E9E002ABDBD /* ExtraInfoPresenter.swift */,
			);
			path = ExtraInfoVC;
			sourceTree = "<group>";
		};
		14CBD86628A55206002ABDBD /* InfoCell */ = {
			isa = PBXGroup;
			children = (
				14CBD86728A5523C002ABDBD /* InfoPresonsCell.swift */,
				14CBD86828A5523C002ABDBD /* InfoPresonsCell.xib */,
			);
			path = InfoCell;
			sourceTree = "<group>";
		};
/* End PBXGroup section */

/* Begin PBXNativeTarget section */
		14B1550628A2E6FF00C62C05 /* Lesson_10_JSON */ = {
			isa = PBXNativeTarget;
			buildConfigurationList = 14B1551B28A2E70000C62C05 /* Build configuration list for PBXNativeTarget "Lesson_10_JSON" */;
			buildPhases = (
				14B1550328A2E6FF00C62C05 /* Sources */,
				14B1550428A2E6FF00C62C05 /* Frameworks */,
				14B1550528A2E6FF00C62C05 /* Resources */,
			);
			buildRules = (
			);
			dependencies = (
			);
			name = Lesson_10_JSON;
			productName = Lesson_10_JSON;
			productReference = 14B1550728A2E6FF00C62C05 /* Lesson_10_JSON.app */;
			productType = "com.apple.product-type.application";
		};
/* End PBXNativeTarget section */

/* Begin PBXProject section */
		14B154FF28A2E6FF00C62C05 /* Project object */ = {
			isa = PBXProject;
			attributes = {
				BuildIndependentTargetsInParallel = 1;
				LastSwiftUpdateCheck = 1320;
				LastUpgradeCheck = 1320;
				TargetAttributes = {
					14B1550628A2E6FF00C62C05 = {
						CreatedOnToolsVersion = 13.2.1;
					};
				};
			};
			buildConfigurationList = 14B1550228A2E6FF00C62C05 /* Build configuration list for PBXProject "Lesson_10_JSON" */;
			compatibilityVersion = "Xcode 13.0";
			developmentRegion = en;
			hasScannedForEncodings = 0;
			knownRegions = (
				en,
				Base,
			);
			mainGroup = 14B154FE28A2E6FF00C62C05;
			productRefGroup = 14B1550828A2E6FF00C62C05 /* Products */;
			projectDirPath = "";
			projectRoot = "";
			targets = (
				14B1550628A2E6FF00C62C05 /* Lesson_10_JSON */,
			);
		};
/* End PBXProject section */

/* Begin PBXResourcesBuildPhase section */
		14B1550528A2E6FF00C62C05 /* Resources */ = {
			isa = PBXResourcesBuildPhase;
			buildActionMask = 2147483647;
			files = (
				14CBD85528A3E475002ABDBD /* RickAndMortyVC.xib in Resources */,
				14CBD85A28A3E508002ABDBD /* InfoPersonsVC.xib in Resources */,
				14CBD86A28A5523C002ABDBD /* InfoPresonsCell.xib in Resources */,
				14CBD86328A43E8D002ABDBD /* ExtraInfoVC.xib in Resources */,
				14B1551728A2E70000C62C05 /* LaunchScreen.storyboard in Resources */,
				14B1551428A2E70000C62C05 /* Assets.xcassets in Resources */,
			);
			runOnlyForDeploymentPostprocessing = 0;
		};
/* End PBXResourcesBuildPhase section */

/* Begin PBXSourcesBuildPhase section */
		14B1550328A2E6FF00C62C05 /* Sources */ = {
			isa = PBXSourcesBuildPhase;
			buildActionMask = 2147483647;
			files = (
				14CBD85E28A3E52C002ABDBD /* RickAndMortyPresenter.swift in Sources */,
				14B1552528A3075B00C62C05 /* ModelRickAndMortн.swift in Sources */,
				14CBD86528A43E9E002ABDBD /* ExtraInfoPresenter.swift in Sources */,
				14CBD85C28A3E51C002ABDBD /* InfoPersonsPresenter.swift in Sources */,
				14CBD86928A5523C002ABDBD /* InfoPresonsCell.swift in Sources */,
				14B1550B28A2E6FF00C62C05 /* AppDelegate.swift in Sources */,
				14B1550D28A2E6FF00C62C05 /* SceneDelegate.swift in Sources */,
				14CBD86228A43E8D002ABDBD /* ExtraInfoVC.swift in Sources */,
				14CBD85428A3E475002ABDBD /* RickAndMortyVC.swift in Sources */,
				14CBD85928A3E508002ABDBD /* InfoPersonsVC.swift in Sources */,
			);
			runOnlyForDeploymentPostprocessing = 0;
		};
/* End PBXSourcesBuildPhase section */

/* Begin PBXVariantGroup section */
		14B1551528A2E70000C62C05 /* LaunchScreen.storyboard */ = {
			isa = PBXVariantGroup;
			children = (
				14B1551628A2E70000C62C05 /* Base */,
			);
			name = LaunchScreen.storyboard;
			sourceTree = "<group>";
		};
/* End PBXVariantGroup section */

/* Begin XCBuildConfiguration section */
		14B1551928A2E70000C62C05 /* Debug */ = {
			isa = XCBuildConfiguration;
			buildSettings = {
				ALWAYS_SEARCH_USER_PATHS = NO;
				CLANG_ANALYZER_NONNULL = YES;
				CLANG_ANALYZER_NUMBER_OBJECT_CONVERSION = YES_AGGRESSIVE;
				CLANG_CXX_LANGUAGE_STANDARD = "gnu++17";
				CLANG_CXX_LIBRARY = "libc++";
				CLANG_ENABLE_MODULES = YES;
				CLANG_ENABLE_OBJC_ARC = YES;
				CLANG_ENABLE_OBJC_WEAK = YES;
				CLANG_WARN_BLOCK_CAPTURE_AUTORELEASING = YES;
				CLANG_WARN_BOOL_CONVERSION = YES;
				CLANG_WARN_COMMA = YES;
				CLANG_WARN_CONSTANT_CONVERSION = YES;
				CLANG_WARN_DEPRECATED_OBJC_IMPLEMENTATIONS = YES;
				CLANG_WARN_DIRECT_OBJC_ISA_USAGE = YES_ERROR;
				CLANG_WARN_DOCUMENTATION_COMMENTS = YES;
				CLANG_WARN_EMPTY_BODY = YES;
				CLANG_WARN_ENUM_CONVERSION = YES;
				CLANG_WARN_INFINITE_RECURSION = YES;
				CLANG_WARN_INT_CONVERSION = YES;
				CLANG_WARN_NON_LITERAL_NULL_CONVERSION = YES;
				CLANG_WARN_OBJC_IMPLICIT_RETAIN_SELF = YES;
				CLANG_WARN_OBJC_LITERAL_CONVERSION = YES;
				CLANG_WARN_OBJC_ROOT_CLASS = YES_ERROR;
				CLANG_WARN_QUOTED_INCLUDE_IN_FRAMEWORK_HEADER = YES;
				CLANG_WARN_RANGE_LOOP_ANALYSIS = YES;
				CLANG_WARN_STRICT_PROTOTYPES = YES;
				CLANG_WARN_SUSPICIOUS_MOVE = YES;
				CLANG_WARN_UNGUARDED_AVAILABILITY = YES_AGGRESSIVE;
				CLANG_WARN_UNREACHABLE_CODE = YES;
				CLANG_WARN__DUPLICATE_METHOD_MATCH = YES;
				COPY_PHASE_STRIP = NO;
				DEBUG_INFORMATION_FORMAT = dwarf;
				ENABLE_STRICT_OBJC_MSGSEND = YES;
				ENABLE_TESTABILITY = YES;
				GCC_C_LANGUAGE_STANDARD = gnu11;
				GCC_DYNAMIC_NO_PIC = NO;
				GCC_NO_COMMON_BLOCKS = YES;
				GCC_OPTIMIZATION_LEVEL = 0;
				GCC_PREPROCESSOR_DEFINITIONS = (
					"DEBUG=1",
					"$(inherited)",
				);
				GCC_WARN_64_TO_32_BIT_CONVERSION = YES;
				GCC_WARN_ABOUT_RETURN_TYPE = YES_ERROR;
				GCC_WARN_UNDECLARED_SELECTOR = YES;
				GCC_WARN_UNINITIALIZED_AUTOS = YES_AGGRESSIVE;
				GCC_WARN_UNUSED_FUNCTION = YES;
				GCC_WARN_UNUSED_VARIABLE = YES;
				IPHONEOS_DEPLOYMENT_TARGET = 15.2;
				MTL_ENABLE_DEBUG_INFO = INCLUDE_SOURCE;
				MTL_FAST_MATH = YES;
				ONLY_ACTIVE_ARCH = YES;
				SDKROOT = iphoneos;
				SWIFT_ACTIVE_COMPILATION_CONDITIONS = DEBUG;
				SWIFT_OPTIMIZATION_LEVEL = "-Onone";
			};
			name = Debug;
		};
		14B1551A28A2E70000C62C05 /* Release */ = {
			isa = XCBuildConfiguration;
			buildSettings = {
				ALWAYS_SEARCH_USER_PATHS = NO;
				CLANG_ANALYZER_NONNULL = YES;
				CLANG_ANALYZER_NUMBER_OBJECT_CONVERSION = YES_AGGRESSIVE;
				CLANG_CXX_LANGUAGE_STANDARD = "gnu++17";
				CLANG_CXX_LIBRARY = "libc++";
				CLANG_ENABLE_MODULES = YES;
				CLANG_ENABLE_OBJC_ARC = YES;
				CLANG_ENABLE_OBJC_WEAK = YES;
				CLANG_WARN_BLOCK_CAPTURE_AUTORELEASING = YES;
				CLANG_WARN_BOOL_CONVERSION = YES;
				CLANG_WARN_COMMA = YES;
				CLANG_WARN_CONSTANT_CONVERSION = YES;
				CLANG_WARN_DEPRECATED_OBJC_IMPLEMENTATIONS = YES;
				CLANG_WARN_DIRECT_OBJC_ISA_USAGE = YES_ERROR;
				CLANG_WARN_DOCUMENTATION_COMMENTS = YES;
				CLANG_WARN_EMPTY_BODY = YES;
				CLANG_WARN_ENUM_CONVERSION = YES;
				CLANG_WARN_INFINITE_RECURSION = YES;
				CLANG_WARN_INT_CONVERSION = YES;
				CLANG_WARN_NON_LITERAL_NULL_CONVERSION = YES;
				CLANG_WARN_OBJC_IMPLICIT_RETAIN_SELF = YES;
				CLANG_WARN_OBJC_LITERAL_CONVERSION = YES;
				CLANG_WARN_OBJC_ROOT_CLASS = YES_ERROR;
				CLANG_WARN_QUOTED_INCLUDE_IN_FRAMEWORK_HEADER = YES;
				CLANG_WARN_RANGE_LOOP_ANALYSIS = YES;
				CLANG_WARN_STRICT_PROTOTYPES = YES;
				CLANG_WARN_SUSPICIOUS_MOVE = YES;
				CLANG_WARN_UNGUARDED_AVAILABILITY = YES_AGGRESSIVE;
				CLANG_WARN_UNREACHABLE_CODE = YES;
				CLANG_WARN__DUPLICATE_METHOD_MATCH = YES;
				COPY_PHASE_STRIP = NO;
				DEBUG_INFORMATION_FORMAT = "dwarf-with-dsym";
				ENABLE_NS_ASSERTIONS = NO;
				ENABLE_STRICT_OBJC_MSGSEND = YES;
				GCC_C_LANGUAGE_STANDARD = gnu11;
				GCC_NO_COMMON_BLOCKS = YES;
				GCC_WARN_64_TO_32_BIT_CONVERSION = YES;
				GCC_WARN_ABOUT_RETURN_TYPE = YES_ERROR;
				GCC_WARN_UNDECLARED_SELECTOR = YES;
				GCC_WARN_UNINITIALIZED_AUTOS = YES_AGGRESSIVE;
				GCC_WARN_UNUSED_FUNCTION = YES;
				GCC_WARN_UNUSED_VARIABLE = YES;
				IPHONEOS_DEPLOYMENT_TARGET = 15.2;
				MTL_ENABLE_DEBUG_INFO = NO;
				MTL_FAST_MATH = YES;
				SDKROOT = iphoneos;
				SWIFT_COMPILATION_MODE = wholemodule;
				SWIFT_OPTIMIZATION_LEVEL = "-O";
				VALIDATE_PRODUCT = YES;
			};
			name = Release;
		};
		14B1551C28A2E70000C62C05 /* Debug */ = {
			isa = XCBuildConfiguration;
			buildSettings = {
				ASSETCATALOG_COMPILER_APPICON_NAME = AppIcon;
				ASSETCATALOG_COMPILER_GLOBAL_ACCENT_COLOR_NAME = AccentColor;
				CODE_SIGN_STYLE = Automatic;
				CURRENT_PROJECT_VERSION = 1;
				DEVELOPMENT_TEAM = 4U5S5LAP79;
				GENERATE_INFOPLIST_FILE = YES;
				INFOPLIST_FILE = Lesson_10_JSON/SupportFiles/Info.plist;
				INFOPLIST_KEY_UIApplicationSupportsIndirectInputEvents = YES;
				INFOPLIST_KEY_UILaunchStoryboardName = LaunchScreen;
				INFOPLIST_KEY_UISupportedInterfaceOrientations_iPad = "UIInterfaceOrientationPortrait UIInterfaceOrientationPortraitUpsideDown UIInterfaceOrientationLandscapeLeft UIInterfaceOrientationLandscapeRight";
				INFOPLIST_KEY_UISupportedInterfaceOrientations_iPhone = "UIInterfaceOrientationPortrait UIInterfaceOrientationLandscapeLeft UIInterfaceOrientationLandscapeRight";
				LD_RUNPATH_SEARCH_PATHS = (
					"$(inherited)",
					"@executable_path/Frameworks",
				);
				MARKETING_VERSION = 1.0;
				PRODUCT_BUNDLE_IDENTIFIER = "lesson1.Lesson-10-JSON";
				PRODUCT_NAME = "$(TARGET_NAME)";
				SWIFT_EMIT_LOC_STRINGS = YES;
				SWIFT_VERSION = 5.0;
				TARGETED_DEVICE_FAMILY = "1,2";
			};
			name = Debug;
		};
		14B1551D28A2E70000C62C05 /* Release */ = {
			isa = XCBuildConfiguration;
			buildSettings = {
				ASSETCATALOG_COMPILER_APPICON_NAME = AppIcon;
				ASSETCATALOG_COMPILER_GLOBAL_ACCENT_COLOR_NAME = AccentColor;
				CODE_SIGN_STYLE = Automatic;
				CURRENT_PROJECT_VERSION = 1;
				DEVELOPMENT_TEAM = 4U5S5LAP79;
				GENERATE_INFOPLIST_FILE = YES;
				INFOPLIST_FILE = Lesson_10_JSON/SupportFiles/Info.plist;
				INFOPLIST_KEY_UIApplicationSupportsIndirectInputEvents = YES;
				INFOPLIST_KEY_UILaunchStoryboardName = LaunchScreen;
				INFOPLIST_KEY_UISupportedInterfaceOrientations_iPad = "UIInterfaceOrientationPortrait UIInterfaceOrientationPortraitUpsideDown UIInterfaceOrientationLandscapeLeft UIInterfaceOrientationLandscapeRight";
				INFOPLIST_KEY_UISupportedInterfaceOrientations_iPhone = "UIInterfaceOrientationPortrait UIInterfaceOrientationLandscapeLeft UIInterfaceOrientationLandscapeRight";
				LD_RUNPATH_SEARCH_PATHS = (
					"$(inherited)",
					"@executable_path/Frameworks",
				);
				MARKETING_VERSION = 1.0;
				PRODUCT_BUNDLE_IDENTIFIER = "lesson1.Lesson-10-JSON";
				PRODUCT_NAME = "$(TARGET_NAME)";
				SWIFT_EMIT_LOC_STRINGS = YES;
				SWIFT_VERSION = 5.0;
				TARGETED_DEVICE_FAMILY = "1,2";
			};
			name = Release;
		};
/* End XCBuildConfiguration section */

/* Begin XCConfigurationList section */
		14B1550228A2E6FF00C62C05 /* Build configuration list for PBXProject "Lesson_10_JSON" */ = {
			isa = XCConfigurationList;
			buildConfigurations = (
				14B1551928A2E70000C62C05 /* Debug */,
				14B1551A28A2E70000C62C05 /* Release */,
			);
			defaultConfigurationIsVisible = 0;
			defaultConfigurationName = Release;
		};
		14B1551B28A2E70000C62C05 /* Build configuration list for PBXNativeTarget "Lesson_10_JSON" */ = {
			isa = XCConfigurationList;
			buildConfigurations = (
				14B1551C28A2E70000C62C05 /* Debug */,
				14B1551D28A2E70000C62C05 /* Release */,
			);
			defaultConfigurationIsVisible = 0;
			defaultConfigurationName = Release;
		};
/* End XCConfigurationList section */
	};
	rootObject = 14B154FF28A2E6FF00C62C05 /* Project object */;
}
